
Microsoft Visual Studio Solution File, Format Version 12.00
# Visual Studio Version 17
VisualStudioVersion = 17.4.33122.133
MinimumVisualStudioVersion = 10.0.40219.1
Project("{FAE04EC0-301F-11D3-BF4B-00C04F79EFBC}") = "TurtleCommand", "TurtleCommand\TurtleCommand.csproj", "{D932D731-62CD-4F72-8498-86C0C87BCBC8}"
EndProject
Project("{FAE04EC0-301F-11D3-BF4B-00C04F79EFBC}") = "TurtleCommandTest", "TurtleCommandTest\TurtleCommandTest.csproj", "{BBC423D6-E61B-4977-B02A-456FBC2D870B}"
EndProject
Global
	GlobalSection(SolutionConfigurationPlatforms) = preSolution
		Debug|Any CPU = Debug|Any CPU
		Release|Any CPU = Release|Any CPU
	EndGlobalSection
	GlobalSection(ProjectConfigurationPlatforms) = postSolution
		{D932D731-62CD-4F72-8498-86C0C87BCBC8}.Debug|Any CPU.ActiveCfg = Debug|Any CPU
		{D932D731-62CD-4F72-8498-86C0C87BCBC8}.Debug|Any CPU.Build.0 = Debug|Any CPU
		{D932D731-62CD-4F72-8498-86C0C87BCBC8}.Release|Any CPU.ActiveCfg = Release|Any CPU
		{D932D731-62CD-4F72-8498-86C0C87BCBC8}.Release|Any CPU.Build.0 = Release|Any CPU
		{BBC423D6-E61B-4977-B02A-456FBC2D870B}.Debug|Any CPU.ActiveCfg = Debug|Any CPU
		{BBC423D6-E61B-4977-B02A-456FBC2D870B}.Debug|Any CPU.Build.0 = Debug|Any CPU
		{BBC423D6-E61B-4977-B02A-456FBC2D870B}.Release|Any CPU.ActiveCfg = Release|Any CPU
		{BBC423D6-E61B-4977-B02A-456FBC2D870B}.Release|Any CPU.Build.0 = Release|Any CPU
	EndGlobalSection
	GlobalSection(SolutionProperties) = preSolution
		HideSolutionNode = FALSE
	EndGlobalSection
	GlobalSection(ExtensibilityGlobals) = postSolution
		SolutionGuid = {DC0FAE04-E97F-432F-9E67-5CE89A92327C}
	EndGlobalSection
EndGlobal
